// !$*UTF8*$!
{
	archiveVersion = 1;
	classes = {
	};
	objectVersion = 50;
	objects = {

/* Begin PBXBuildFile section */
		38E681DD2189B6FA00913ED5 /* AppDelegate.swift in Sources */ = {isa = PBXBuildFile; fileRef = 38E681DC2189B6FA00913ED5 /* AppDelegate.swift */; };
		38E681E22189B6FA00913ED5 /* Main.storyboard in Resources */ = {isa = PBXBuildFile; fileRef = 38E681E02189B6FA00913ED5 /* Main.storyboard */; };
		38E681E42189B6FB00913ED5 /* Assets.xcassets in Resources */ = {isa = PBXBuildFile; fileRef = 38E681E32189B6FB00913ED5 /* Assets.xcassets */; };
		38E681E72189B6FB00913ED5 /* LaunchScreen.storyboard in Resources */ = {isa = PBXBuildFile; fileRef = 38E681E52189B6FB00913ED5 /* LaunchScreen.storyboard */; };
		38E681EF2189B8C900913ED5 /* HomeViewController.swift in Sources */ = {isa = PBXBuildFile; fileRef = 38E681EE2189B8C900913ED5 /* HomeViewController.swift */; };
		38E681F12189B9E800913ED5 /* GoogleService-Info.plist in Resources */ = {isa = PBXBuildFile; fileRef = 38E681F02189B9E800913ED5 /* GoogleService-Info.plist */; };
		38E681F32189C1AA00913ED5 /* FacebookLoginViewController.swift in Sources */ = {isa = PBXBuildFile; fileRef = 38E681F22189C1AA00913ED5 /* FacebookLoginViewController.swift */; };
		38E681F92189DA2B00913ED5 /* UIViewController+AlertMessages.swift in Sources */ = {isa = PBXBuildFile; fileRef = 38E681F82189DA2B00913ED5 /* UIViewController+AlertMessages.swift */; };
		38E681FB2189DEB200913ED5 /* DataManager.swift in Sources */ = {isa = PBXBuildFile; fileRef = 38E681FA2189DEB200913ED5 /* DataManager.swift */; };
		38E682002189E01200913ED5 /* FeedViewController.swift in Sources */ = {isa = PBXBuildFile; fileRef = 38E681FF2189E01200913ED5 /* FeedViewController.swift */; };
		38E68204218B2CDD00913ED5 /* MenuViewController.swift in Sources */ = {isa = PBXBuildFile; fileRef = 38E68203218B2CDD00913ED5 /* MenuViewController.swift */; };
		38E69890218C9357001FACC3 /* Offer.swift in Sources */ = {isa = PBXBuildFile; fileRef = 38E6988F218C9357001FACC3 /* Offer.swift */; };
		38E69893218C938A001FACC3 /* FeedTableCell.swift in Sources */ = {isa = PBXBuildFile; fileRef = 38E69892218C938A001FACC3 /* FeedTableCell.swift */; };
		38E69896218C94CE001FACC3 /* OfferViewController.swift in Sources */ = {isa = PBXBuildFile; fileRef = 38E69895218C94CE001FACC3 /* OfferViewController.swift */; };
		38E69898218CB532001FACC3 /* SettingsViewController.swift in Sources */ = {isa = PBXBuildFile; fileRef = 38E69897218CB532001FACC3 /* SettingsViewController.swift */; };
		3A2611C54B527B6D1BCAD3AB /* Pods_phuza.framework in Frameworks */ = {isa = PBXBuildFile; fileRef = 693BD130290BDE6B054A7D4B /* Pods_phuza.framework */; };
		694DE238218DAE9900F7FCC6 /* UIView+Nib.swift in Sources */ = {isa = PBXBuildFile; fileRef = 694DE237218DAE9900F7FCC6 /* UIView+Nib.swift */; };
		694DE23A218ECD3500F7FCC6 /* TermsViewController.swift in Sources */ = {isa = PBXBuildFile; fileRef = 694DE239218ECD3500F7FCC6 /* TermsViewController.swift */; };
		694DE23C218ECD4A00F7FCC6 /* PrivacyViewController.swift in Sources */ = {isa = PBXBuildFile; fileRef = 694DE23B218ECD4A00F7FCC6 /* PrivacyViewController.swift */; };
		694DE23F218ECE6B00F7FCC6 /* SettingsMenuTableViewCell.swift in Sources */ = {isa = PBXBuildFile; fileRef = 694DE23D218ECE6B00F7FCC6 /* SettingsMenuTableViewCell.swift */; };
		694DE240218ECE6B00F7FCC6 /* SettingsMenuTableViewCell.xib in Resources */ = {isa = PBXBuildFile; fileRef = 694DE23E218ECE6B00F7FCC6 /* SettingsMenuTableViewCell.xib */; };
		694DE242218ED49300F7FCC6 /* Constants.swift in Sources */ = {isa = PBXBuildFile; fileRef = 694DE241218ED49300F7FCC6 /* Constants.swift */; };
		694DE244218ED9B700F7FCC6 /* SpendViewController.swift in Sources */ = {isa = PBXBuildFile; fileRef = 694DE243218ED9B700F7FCC6 /* SpendViewController.swift */; };
		694DE246218EF45D00F7FCC6 /* FavoritesViewController.swift in Sources */ = {isa = PBXBuildFile; fileRef = 694DE245218EF45D00F7FCC6 /* FavoritesViewController.swift */; };
		694DE249218EFA2100F7FCC6 /* FavoritesMoreTableViewCell.swift in Sources */ = {isa = PBXBuildFile; fileRef = 694DE247218EFA2100F7FCC6 /* FavoritesMoreTableViewCell.swift */; };
		694DE24A218EFA2100F7FCC6 /* FavoritesMoreTableViewCell.xib in Resources */ = {isa = PBXBuildFile; fileRef = 694DE248218EFA2100F7FCC6 /* FavoritesMoreTableViewCell.xib */; };
		69F02A9D218F083600B65AA5 /* StorageManager.swift in Sources */ = {isa = PBXBuildFile; fileRef = 69F02A9C218F083600B65AA5 /* StorageManager.swift */; };
/* End PBXBuildFile section */

/* Begin PBXFileReference section */
		38E681D92189B6FA00913ED5 /* phuza.app */ = {isa = PBXFileReference; explicitFileType = wrapper.application; includeInIndex = 0; path = phuza.app; sourceTree = BUILT_PRODUCTS_DIR; };
		38E681DC2189B6FA00913ED5 /* AppDelegate.swift */ = {isa = PBXFileReference; lastKnownFileType = sourcecode.swift; path = AppDelegate.swift; sourceTree = "<group>"; };
		38E681E12189B6FA00913ED5 /* Base */ = {isa = PBXFileReference; lastKnownFileType = file.storyboard; name = Base; path = Base.lproj/Main.storyboard; sourceTree = "<group>"; };
		38E681E32189B6FB00913ED5 /* Assets.xcassets */ = {isa = PBXFileReference; lastKnownFileType = folder.assetcatalog; path = Assets.xcassets; sourceTree = "<group>"; };
		38E681E62189B6FB00913ED5 /* Base */ = {isa = PBXFileReference; lastKnownFileType = file.storyboard; name = Base; path = Base.lproj/LaunchScreen.storyboard; sourceTree = "<group>"; };
		38E681E82189B6FB00913ED5 /* Info.plist */ = {isa = PBXFileReference; lastKnownFileType = text.plist.xml; path = Info.plist; sourceTree = "<group>"; };
		38E681EE2189B8C900913ED5 /* HomeViewController.swift */ = {isa = PBXFileReference; lastKnownFileType = sourcecode.swift; path = HomeViewController.swift; sourceTree = "<group>"; };
		38E681F02189B9E800913ED5 /* GoogleService-Info.plist */ = {isa = PBXFileReference; fileEncoding = 4; lastKnownFileType = text.plist.xml; path = "GoogleService-Info.plist"; sourceTree = "<group>"; };
		38E681F22189C1AA00913ED5 /* FacebookLoginViewController.swift */ = {isa = PBXFileReference; lastKnownFileType = sourcecode.swift; path = FacebookLoginViewController.swift; sourceTree = "<group>"; };
		38E681F82189DA2B00913ED5 /* UIViewController+AlertMessages.swift */ = {isa = PBXFileReference; lastKnownFileType = sourcecode.swift; path = "UIViewController+AlertMessages.swift"; sourceTree = "<group>"; };
		38E681FA2189DEB200913ED5 /* DataManager.swift */ = {isa = PBXFileReference; lastKnownFileType = sourcecode.swift; path = DataManager.swift; sourceTree = "<group>"; };
		38E681FF2189E01200913ED5 /* FeedViewController.swift */ = {isa = PBXFileReference; lastKnownFileType = sourcecode.swift; path = FeedViewController.swift; sourceTree = "<group>"; };
		38E68203218B2CDD00913ED5 /* MenuViewController.swift */ = {isa = PBXFileReference; lastKnownFileType = sourcecode.swift; path = MenuViewController.swift; sourceTree = "<group>"; };
		38E6988F218C9357001FACC3 /* Offer.swift */ = {isa = PBXFileReference; lastKnownFileType = sourcecode.swift; path = Offer.swift; sourceTree = "<group>"; };
		38E69892218C938A001FACC3 /* FeedTableCell.swift */ = {isa = PBXFileReference; lastKnownFileType = sourcecode.swift; path = FeedTableCell.swift; sourceTree = "<group>"; };
		38E69895218C94CE001FACC3 /* OfferViewController.swift */ = {isa = PBXFileReference; lastKnownFileType = sourcecode.swift; path = OfferViewController.swift; sourceTree = "<group>"; };
		38E69897218CB532001FACC3 /* SettingsViewController.swift */ = {isa = PBXFileReference; lastKnownFileType = sourcecode.swift; path = SettingsViewController.swift; sourceTree = "<group>"; };
		693BD130290BDE6B054A7D4B /* Pods_phuza.framework */ = {isa = PBXFileReference; explicitFileType = wrapper.framework; includeInIndex = 0; path = Pods_phuza.framework; sourceTree = BUILT_PRODUCTS_DIR; };
		694DE237218DAE9900F7FCC6 /* UIView+Nib.swift */ = {isa = PBXFileReference; lastKnownFileType = sourcecode.swift; path = "UIView+Nib.swift"; sourceTree = "<group>"; };
		694DE239218ECD3500F7FCC6 /* TermsViewController.swift */ = {isa = PBXFileReference; lastKnownFileType = sourcecode.swift; path = TermsViewController.swift; sourceTree = "<group>"; };
		694DE23B218ECD4A00F7FCC6 /* PrivacyViewController.swift */ = {isa = PBXFileReference; lastKnownFileType = sourcecode.swift; path = PrivacyViewController.swift; sourceTree = "<group>"; };
		694DE23D218ECE6B00F7FCC6 /* SettingsMenuTableViewCell.swift */ = {isa = PBXFileReference; lastKnownFileType = sourcecode.swift; path = SettingsMenuTableViewCell.swift; sourceTree = "<group>"; };
		694DE23E218ECE6B00F7FCC6 /* SettingsMenuTableViewCell.xib */ = {isa = PBXFileReference; lastKnownFileType = file.xib; path = SettingsMenuTableViewCell.xib; sourceTree = "<group>"; };
		694DE241218ED49300F7FCC6 /* Constants.swift */ = {isa = PBXFileReference; lastKnownFileType = sourcecode.swift; path = Constants.swift; sourceTree = "<group>"; };
		694DE243218ED9B700F7FCC6 /* SpendViewController.swift */ = {isa = PBXFileReference; lastKnownFileType = sourcecode.swift; path = SpendViewController.swift; sourceTree = "<group>"; };
		694DE245218EF45D00F7FCC6 /* FavoritesViewController.swift */ = {isa = PBXFileReference; lastKnownFileType = sourcecode.swift; path = FavoritesViewController.swift; sourceTree = "<group>"; };
		694DE247218EFA2100F7FCC6 /* FavoritesMoreTableViewCell.swift */ = {isa = PBXFileReference; lastKnownFileType = sourcecode.swift; path = FavoritesMoreTableViewCell.swift; sourceTree = "<group>"; };
		694DE248218EFA2100F7FCC6 /* FavoritesMoreTableViewCell.xib */ = {isa = PBXFileReference; lastKnownFileType = file.xib; path = FavoritesMoreTableViewCell.xib; sourceTree = "<group>"; };
		69F02A9C218F083600B65AA5 /* StorageManager.swift */ = {isa = PBXFileReference; lastKnownFileType = sourcecode.swift; path = StorageManager.swift; sourceTree = "<group>"; };
		CA3F6CEEF3DEEB1E246679BA /* Pods-phuza.debug.xcconfig */ = {isa = PBXFileReference; includeInIndex = 1; lastKnownFileType = text.xcconfig; name = "Pods-phuza.debug.xcconfig"; path = "Pods/Target Support Files/Pods-phuza/Pods-phuza.debug.xcconfig"; sourceTree = "<group>"; };
		FCD7755EFF866A95C16B019E /* Pods-phuza.release.xcconfig */ = {isa = PBXFileReference; includeInIndex = 1; lastKnownFileType = text.xcconfig; name = "Pods-phuza.release.xcconfig"; path = "Pods/Target Support Files/Pods-phuza/Pods-phuza.release.xcconfig"; sourceTree = "<group>"; };
/* End PBXFileReference section */

/* Begin PBXFrameworksBuildPhase section */
		38E681D62189B6FA00913ED5 /* Frameworks */ = {
			isa = PBXFrameworksBuildPhase;
			buildActionMask = 2147483647;
			files = (
				3A2611C54B527B6D1BCAD3AB /* Pods_phuza.framework in Frameworks */,
			);
			runOnlyForDeploymentPostprocessing = 0;
		};
/* End PBXFrameworksBuildPhase section */

/* Begin PBXGroup section */
		38E681D02189B6FA00913ED5 = {
			isa = PBXGroup;
			children = (
				38E681DB2189B6FA00913ED5 /* phuza */,
				38E681DA2189B6FA00913ED5 /* Products */,
				95D85454143224C9B7E4B7D0 /* Pods */,
				96B6750B1C9D57C40EB2272E /* Frameworks */,
			);
			sourceTree = "<group>";
		};
		38E681DA2189B6FA00913ED5 /* Products */ = {
			isa = PBXGroup;
			children = (
				38E681D92189B6FA00913ED5 /* phuza.app */,
			);
			name = Products;
			sourceTree = "<group>";
		};
		38E681DB2189B6FA00913ED5 /* phuza */ = {
			isa = PBXGroup;
			children = (
				38E69894218C939C001FACC3 /* Cell */,
				38E69891218C935E001FACC3 /* Models */,
				38E681FC2189DECC00913ED5 /* Controllers */,
				38E681FD2189DED500913ED5 /* Extensions */,
				38E681FE2189DEDD00913ED5 /* Helpers */,
				38E681DC2189B6FA00913ED5 /* AppDelegate.swift */,
				38E681E02189B6FA00913ED5 /* Main.storyboard */,
				38E681E32189B6FB00913ED5 /* Assets.xcassets */,
				38E681E52189B6FB00913ED5 /* LaunchScreen.storyboard */,
				38E681F02189B9E800913ED5 /* GoogleService-Info.plist */,
				38E681E82189B6FB00913ED5 /* Info.plist */,
			);
			path = phuza;
			sourceTree = "<group>";
		};
		38E681FC2189DECC00913ED5 /* Controllers */ = {
			isa = PBXGroup;
			children = (
				38E681EE2189B8C900913ED5 /* HomeViewController.swift */,
				38E681F22189C1AA00913ED5 /* FacebookLoginViewController.swift */,
				38E681FF2189E01200913ED5 /* FeedViewController.swift */,
				38E68203218B2CDD00913ED5 /* MenuViewController.swift */,
				38E69897218CB532001FACC3 /* SettingsViewController.swift */,
				38E69895218C94CE001FACC3 /* OfferViewController.swift */,
				694DE239218ECD3500F7FCC6 /* TermsViewController.swift */,
				694DE23B218ECD4A00F7FCC6 /* PrivacyViewController.swift */,
				694DE243218ED9B700F7FCC6 /* SpendViewController.swift */,
				694DE245218EF45D00F7FCC6 /* FavoritesViewController.swift */,
			);
			path = Controllers;
			sourceTree = "<group>";
		};
		38E681FD2189DED500913ED5 /* Extensions */ = {
			isa = PBXGroup;
			children = (
				38E681F82189DA2B00913ED5 /* UIViewController+AlertMessages.swift */,
				694DE237218DAE9900F7FCC6 /* UIView+Nib.swift */,
			);
			path = Extensions;
			sourceTree = "<group>";
		};
		38E681FE2189DEDD00913ED5 /* Helpers */ = {
			isa = PBXGroup;
			children = (
				38E681FA2189DEB200913ED5 /* DataManager.swift */,
				694DE241218ED49300F7FCC6 /* Constants.swift */,
				69F02A9C218F083600B65AA5 /* StorageManager.swift */,
			);
			path = Helpers;
			sourceTree = "<group>";
		};
		38E69891218C935E001FACC3 /* Models */ = {
			isa = PBXGroup;
			children = (
				38E6988F218C9357001FACC3 /* Offer.swift */,
			);
			path = Models;
			sourceTree = "<group>";
		};
		38E69894218C939C001FACC3 /* Cell */ = {
			isa = PBXGroup;
			children = (
				38E69892218C938A001FACC3 /* FeedTableCell.swift */,
				694DE23D218ECE6B00F7FCC6 /* SettingsMenuTableViewCell.swift */,
				694DE23E218ECE6B00F7FCC6 /* SettingsMenuTableViewCell.xib */,
				694DE247218EFA2100F7FCC6 /* FavoritesMoreTableViewCell.swift */,
				694DE248218EFA2100F7FCC6 /* FavoritesMoreTableViewCell.xib */,
			);
			path = Cell;
			sourceTree = "<group>";
		};
		95D85454143224C9B7E4B7D0 /* Pods */ = {
			isa = PBXGroup;
			children = (
				CA3F6CEEF3DEEB1E246679BA /* Pods-phuza.debug.xcconfig */,
				FCD7755EFF866A95C16B019E /* Pods-phuza.release.xcconfig */,
			);
			name = Pods;
			sourceTree = "<group>";
		};
		96B6750B1C9D57C40EB2272E /* Frameworks */ = {
			isa = PBXGroup;
			children = (
				693BD130290BDE6B054A7D4B /* Pods_phuza.framework */,
			);
			name = Frameworks;
			sourceTree = "<group>";
		};
/* End PBXGroup section */

/* Begin PBXNativeTarget section */
		38E681D82189B6FA00913ED5 /* phuza */ = {
			isa = PBXNativeTarget;
			buildConfigurationList = 38E681EB2189B6FB00913ED5 /* Build configuration list for PBXNativeTarget "phuza" */;
			buildPhases = (
				5EDD119E77923AA33D4C5741 /* [CP] Check Pods Manifest.lock */,
				38E681D52189B6FA00913ED5 /* Sources */,
				38E681D62189B6FA00913ED5 /* Frameworks */,
				38E681D72189B6FA00913ED5 /* Resources */,
				EDA59140AB3862B46318AB86 /* [CP] Embed Pods Frameworks */,
			);
			buildRules = (
			);
			dependencies = (
			);
			name = phuza;
			productName = phuza;
			productReference = 38E681D92189B6FA00913ED5 /* phuza.app */;
			productType = "com.apple.product-type.application";
		};
/* End PBXNativeTarget section */

/* Begin PBXProject section */
		38E681D12189B6FA00913ED5 /* Project object */ = {
			isa = PBXProject;
			attributes = {
				LastSwiftUpdateCheck = 1000;
				LastUpgradeCheck = 1000;
				ORGANIZATIONNAME = phuza;
				TargetAttributes = {
					38E681D82189B6FA00913ED5 = {
						CreatedOnToolsVersion = 10.0;
					};
				};
			};
			buildConfigurationList = 38E681D42189B6FA00913ED5 /* Build configuration list for PBXProject "phuza" */;
			compatibilityVersion = "Xcode 9.3";
			developmentRegion = en;
			hasScannedForEncodings = 0;
			knownRegions = (
				en,
				Base,
			);
			mainGroup = 38E681D02189B6FA00913ED5;
			productRefGroup = 38E681DA2189B6FA00913ED5 /* Products */;
			projectDirPath = "";
			projectRoot = "";
			targets = (
				38E681D82189B6FA00913ED5 /* phuza */,
			);
		};
/* End PBXProject section */

/* Begin PBXResourcesBuildPhase section */
		38E681D72189B6FA00913ED5 /* Resources */ = {
			isa = PBXResourcesBuildPhase;
			buildActionMask = 2147483647;
			files = (
				694DE24A218EFA2100F7FCC6 /* FavoritesMoreTableViewCell.xib in Resources */,
				38E681E72189B6FB00913ED5 /* LaunchScreen.storyboard in Resources */,
				38E681E42189B6FB00913ED5 /* Assets.xcassets in Resources */,
				38E681E22189B6FA00913ED5 /* Main.storyboard in Resources */,
				38E681F12189B9E800913ED5 /* GoogleService-Info.plist in Resources */,
				694DE240218ECE6B00F7FCC6 /* SettingsMenuTableViewCell.xib in Resources */,
			);
			runOnlyForDeploymentPostprocessing = 0;
		};
/* End PBXResourcesBuildPhase section */

/* Begin PBXShellScriptBuildPhase section */
		5EDD119E77923AA33D4C5741 /* [CP] Check Pods Manifest.lock */ = {
			isa = PBXShellScriptBuildPhase;
			buildActionMask = 2147483647;
			files = (
			);
			inputPaths = (
				"${PODS_PODFILE_DIR_PATH}/Podfile.lock",
				"${PODS_ROOT}/Manifest.lock",
			);
			name = "[CP] Check Pods Manifest.lock";
			outputPaths = (
				"$(DERIVED_FILE_DIR)/Pods-phuza-checkManifestLockResult.txt",
			);
			runOnlyForDeploymentPostprocessing = 0;
			shellPath = /bin/sh;
			shellScript = "diff \"${PODS_PODFILE_DIR_PATH}/Podfile.lock\" \"${PODS_ROOT}/Manifest.lock\" > /dev/null\nif [ $? != 0 ] ; then\n    # print error to STDERR\n    echo \"error: The sandbox is not in sync with the Podfile.lock. Run 'pod install' or update your CocoaPods installation.\" >&2\n    exit 1\nfi\n# This output is used by Xcode 'outputs' to avoid re-running this script phase.\necho \"SUCCESS\" > \"${SCRIPT_OUTPUT_FILE_0}\"\n";
			showEnvVarsInLog = 0;
		};
		EDA59140AB3862B46318AB86 /* [CP] Embed Pods Frameworks */ = {
			isa = PBXShellScriptBuildPhase;
			buildActionMask = 2147483647;
			files = (
			);
			inputPaths = (
				"${SRCROOT}/Pods/Target Support Files/Pods-phuza/Pods-phuza-frameworks.sh",
				"${BUILT_PRODUCTS_DIR}/Bolts/Bolts.framework",
				"${BUILT_PRODUCTS_DIR}/FBSDKCoreKit/FBSDKCoreKit.framework",
				"${BUILT_PRODUCTS_DIR}/FBSDKLoginKit/FBSDKLoginKit.framework",
				"${BUILT_PRODUCTS_DIR}/GTMSessionFetcher/GTMSessionFetcher.framework",
				"${BUILT_PRODUCTS_DIR}/GoogleUtilities/GoogleUtilities.framework",
				"${BUILT_PRODUCTS_DIR}/Kingfisher/Kingfisher.framework",
				"${PODS_ROOT}/Reveal-SDK/RevealServer-19/iOS/RevealServer.framework",
				"${BUILT_PRODUCTS_DIR}/leveldb-library/leveldb.framework",
				"${BUILT_PRODUCTS_DIR}/nanopb/nanopb.framework",
			);
			name = "[CP] Embed Pods Frameworks";
			outputPaths = (
				"${TARGET_BUILD_DIR}/${FRAMEWORKS_FOLDER_PATH}/Bolts.framework",
				"${TARGET_BUILD_DIR}/${FRAMEWORKS_FOLDER_PATH}/FBSDKCoreKit.framework",
				"${TARGET_BUILD_DIR}/${FRAMEWORKS_FOLDER_PATH}/FBSDKLoginKit.framework",
				"${TARGET_BUILD_DIR}/${FRAMEWORKS_FOLDER_PATH}/GTMSessionFetcher.framework",
				"${TARGET_BUILD_DIR}/${FRAMEWORKS_FOLDER_PATH}/GoogleUtilities.framework",
				"${TARGET_BUILD_DIR}/${FRAMEWORKS_FOLDER_PATH}/Kingfisher.framework",
				"${TARGET_BUILD_DIR}/${FRAMEWORKS_FOLDER_PATH}/RevealServer.framework",
				"${TARGET_BUILD_DIR}/${FRAMEWORKS_FOLDER_PATH}/leveldb.framework",
				"${TARGET_BUILD_DIR}/${FRAMEWORKS_FOLDER_PATH}/nanopb.framework",
			);
			runOnlyForDeploymentPostprocessing = 0;
			shellPath = /bin/sh;
			shellScript = "\"${SRCROOT}/Pods/Target Support Files/Pods-phuza/Pods-phuza-frameworks.sh\"\n";
			showEnvVarsInLog = 0;
		};
/* End PBXShellScriptBuildPhase section */

/* Begin PBXSourcesBuildPhase section */
		38E681D52189B6FA00913ED5 /* Sources */ = {
			isa = PBXSourcesBuildPhase;
			buildActionMask = 2147483647;
			files = (
				694DE249218EFA2100F7FCC6 /* FavoritesMoreTableViewCell.swift in Sources */,
				38E69896218C94CE001FACC3 /* OfferViewController.swift in Sources */,
				694DE244218ED9B700F7FCC6 /* SpendViewController.swift in Sources */,
				694DE23F218ECE6B00F7FCC6 /* SettingsMenuTableViewCell.swift in Sources */,
				38E681FB2189DEB200913ED5 /* DataManager.swift in Sources */,
				38E681DD2189B6FA00913ED5 /* AppDelegate.swift in Sources */,
				694DE23C218ECD4A00F7FCC6 /* PrivacyViewController.swift in Sources */,
				69F02A9D218F083600B65AA5 /* StorageManager.swift in Sources */,
				694DE23A218ECD3500F7FCC6 /* TermsViewController.swift in Sources */,
				38E681F92189DA2B00913ED5 /* UIViewController+AlertMessages.swift in Sources */,
				694DE242218ED49300F7FCC6 /* Constants.swift in Sources */,
				38E681F32189C1AA00913ED5 /* FacebookLoginViewController.swift in Sources */,
				694DE246218EF45D00F7FCC6 /* FavoritesViewController.swift in Sources */,
				38E681EF2189B8C900913ED5 /* HomeViewController.swift in Sources */,
				38E69893218C938A001FACC3 /* FeedTableCell.swift in Sources */,
				38E69890218C9357001FACC3 /* Offer.swift in Sources */,
				694DE238218DAE9900F7FCC6 /* UIView+Nib.swift in Sources */,
				38E682002189E01200913ED5 /* FeedViewController.swift in Sources */,
				38E68204218B2CDD00913ED5 /* MenuViewController.swift in Sources */,
				38E69898218CB532001FACC3 /* SettingsViewController.swift in Sources */,
			);
			runOnlyForDeploymentPostprocessing = 0;
		};
/* End PBXSourcesBuildPhase section */

/* Begin PBXVariantGroup section */
		38E681E02189B6FA00913ED5 /* Main.storyboard */ = {
			isa = PBXVariantGroup;
			children = (
				38E681E12189B6FA00913ED5 /* Base */,
			);
			name = Main.storyboard;
			sourceTree = "<group>";
		};
		38E681E52189B6FB00913ED5 /* LaunchScreen.storyboard */ = {
			isa = PBXVariantGroup;
			children = (
				38E681E62189B6FB00913ED5 /* Base */,
			);
			name = LaunchScreen.storyboard;
			sourceTree = "<group>";
		};
/* End PBXVariantGroup section */

/* Begin XCBuildConfiguration section */
		38E681E92189B6FB00913ED5 /* Debug */ = {
			isa = XCBuildConfiguration;
			buildSettings = {
				ALWAYS_SEARCH_USER_PATHS = NO;
				CLANG_ANALYZER_NONNULL = YES;
				CLANG_ANALYZER_NUMBER_OBJECT_CONVERSION = YES_AGGRESSIVE;
				CLANG_CXX_LANGUAGE_STANDARD = "gnu++14";
				CLANG_CXX_LIBRARY = "libc++";
				CLANG_ENABLE_MODULES = YES;
				CLANG_ENABLE_OBJC_ARC = YES;
				CLANG_ENABLE_OBJC_WEAK = YES;
				CLANG_WARN_BLOCK_CAPTURE_AUTORELEASING = YES;
				CLANG_WARN_BOOL_CONVERSION = YES;
				CLANG_WARN_COMMA = YES;
				CLANG_WARN_CONSTANT_CONVERSION = YES;
				CLANG_WARN_DEPRECATED_OBJC_IMPLEMENTATIONS = YES;
				CLANG_WARN_DIRECT_OBJC_ISA_USAGE = YES_ERROR;
				CLANG_WARN_DOCUMENTATION_COMMENTS = YES;
				CLANG_WARN_EMPTY_BODY = YES;
				CLANG_WARN_ENUM_CONVERSION = YES;
				CLANG_WARN_INFINITE_RECURSION = YES;
				CLANG_WARN_INT_CONVERSION = YES;
				CLANG_WARN_NON_LITERAL_NULL_CONVERSION = YES;
				CLANG_WARN_OBJC_IMPLICIT_RETAIN_SELF = YES;
				CLANG_WARN_OBJC_LITERAL_CONVERSION = YES;
				CLANG_WARN_OBJC_ROOT_CLASS = YES_ERROR;
				CLANG_WARN_RANGE_LOOP_ANALYSIS = YES;
				CLANG_WARN_STRICT_PROTOTYPES = YES;
				CLANG_WARN_SUSPICIOUS_MOVE = YES;
				CLANG_WARN_UNGUARDED_AVAILABILITY = YES_AGGRESSIVE;
				CLANG_WARN_UNREACHABLE_CODE = YES;
				CLANG_WARN__DUPLICATE_METHOD_MATCH = YES;
				CODE_SIGN_IDENTITY = "iPhone Developer";
				COPY_PHASE_STRIP = NO;
				DEBUG_INFORMATION_FORMAT = dwarf;
				ENABLE_STRICT_OBJC_MSGSEND = YES;
				ENABLE_TESTABILITY = YES;
				GCC_C_LANGUAGE_STANDARD = gnu11;
				GCC_DYNAMIC_NO_PIC = NO;
				GCC_NO_COMMON_BLOCKS = YES;
				GCC_OPTIMIZATION_LEVEL = 0;
				GCC_PREPROCESSOR_DEFINITIONS = (
					"DEBUG=1",
					"$(inherited)",
				);
				GCC_WARN_64_TO_32_BIT_CONVERSION = YES;
				GCC_WARN_ABOUT_RETURN_TYPE = YES_ERROR;
				GCC_WARN_UNDECLARED_SELECTOR = YES;
				GCC_WARN_UNINITIALIZED_AUTOS = YES_AGGRESSIVE;
				GCC_WARN_UNUSED_FUNCTION = YES;
				GCC_WARN_UNUSED_VARIABLE = YES;
				IPHONEOS_DEPLOYMENT_TARGET = 12.0;
				MTL_ENABLE_DEBUG_INFO = INCLUDE_SOURCE;
				MTL_FAST_MATH = YES;
				ONLY_ACTIVE_ARCH = YES;
				SDKROOT = iphoneos;
				SWIFT_ACTIVE_COMPILATION_CONDITIONS = DEBUG;
				SWIFT_OPTIMIZATION_LEVEL = "-Onone";
			};
			name = Debug;
		};
		38E681EA2189B6FB00913ED5 /* Release */ = {
			isa = XCBuildConfiguration;
			buildSettings = {
				ALWAYS_SEARCH_USER_PATHS = NO;
				CLANG_ANALYZER_NONNULL = YES;
				CLANG_ANALYZER_NUMBER_OBJECT_CONVERSION = YES_AGGRESSIVE;
				CLANG_CXX_LANGUAGE_STANDARD = "gnu++14";
				CLANG_CXX_LIBRARY = "libc++";
				CLANG_ENABLE_MODULES = YES;
				CLANG_ENABLE_OBJC_ARC = YES;
				CLANG_ENABLE_OBJC_WEAK = YES;
				CLANG_WARN_BLOCK_CAPTURE_AUTORELEASING = YES;
				CLANG_WARN_BOOL_CONVERSION = YES;
				CLANG_WARN_COMMA = YES;
				CLANG_WARN_CONSTANT_CONVERSION = YES;
				CLANG_WARN_DEPRECATED_OBJC_IMPLEMENTATIONS = YES;
				CLANG_WARN_DIRECT_OBJC_ISA_USAGE = YES_ERROR;
				CLANG_WARN_DOCUMENTATION_COMMENTS = YES;
				CLANG_WARN_EMPTY_BODY = YES;
				CLANG_WARN_ENUM_CONVERSION = YES;
				CLANG_WARN_INFINITE_RECURSION = YES;
				CLANG_WARN_INT_CONVERSION = YES;
				CLANG_WARN_NON_LITERAL_NULL_CONVERSION = YES;
				CLANG_WARN_OBJC_IMPLICIT_RETAIN_SELF = YES;
				CLANG_WARN_OBJC_LITERAL_CONVERSION = YES;
				CLANG_WARN_OBJC_ROOT_CLASS = YES_ERROR;
				CLANG_WARN_RANGE_LOOP_ANALYSIS = YES;
				CLANG_WARN_STRICT_PROTOTYPES = YES;
				CLANG_WARN_SUSPICIOUS_MOVE = YES;
				CLANG_WARN_UNGUARDED_AVAILABILITY = YES_AGGRESSIVE;
				CLANG_WARN_UNREACHABLE_CODE = YES;
				CLANG_WARN__DUPLICATE_METHOD_MATCH = YES;
				CODE_SIGN_IDENTITY = "iPhone Developer";
				COPY_PHASE_STRIP = NO;
				DEBUG_INFORMATION_FORMAT = "dwarf-with-dsym";
				ENABLE_NS_ASSERTIONS = NO;
				ENABLE_STRICT_OBJC_MSGSEND = YES;
				GCC_C_LANGUAGE_STANDARD = gnu11;
				GCC_NO_COMMON_BLOCKS = YES;
				GCC_WARN_64_TO_32_BIT_CONVERSION = YES;
				GCC_WARN_ABOUT_RETURN_TYPE = YES_ERROR;
				GCC_WARN_UNDECLARED_SELECTOR = YES;
				GCC_WARN_UNINITIALIZED_AUTOS = YES_AGGRESSIVE;
				GCC_WARN_UNUSED_FUNCTION = YES;
				GCC_WARN_UNUSED_VARIABLE = YES;
				IPHONEOS_DEPLOYMENT_TARGET = 12.0;
				MTL_ENABLE_DEBUG_INFO = NO;
				MTL_FAST_MATH = YES;
				SDKROOT = iphoneos;
				SWIFT_COMPILATION_MODE = wholemodule;
				SWIFT_OPTIMIZATION_LEVEL = "-O";
				VALIDATE_PRODUCT = YES;
			};
			name = Release;
		};
		38E681EC2189B6FB00913ED5 /* Debug */ = {
			isa = XCBuildConfiguration;
			baseConfigurationReference = CA3F6CEEF3DEEB1E246679BA /* Pods-phuza.debug.xcconfig */;
			buildSettings = {
				ASSETCATALOG_COMPILER_APPICON_NAME = AppIcon;
				CODE_SIGN_STYLE = Automatic;
				DEVELOPMENT_TEAM = "";
				INFOPLIST_FILE = phuza/Info.plist;
				IPHONEOS_DEPLOYMENT_TARGET = 10.0;
				LD_RUNPATH_SEARCH_PATHS = (
					"$(inherited)",
					"@executable_path/Frameworks",
				);
				PRODUCT_BUNDLE_IDENTIFIER = us.phuza.app1;
				PRODUCT_NAME = "$(TARGET_NAME)";
				SWIFT_VERSION = 4.2;
				TARGETED_DEVICE_FAMILY = "1,2";
			};
			name = Debug;
		};
		38E681ED2189B6FB00913ED5 /* Release */ = {
			isa = XCBuildConfiguration;
			baseConfigurationReference = FCD7755EFF866A95C16B019E /* Pods-phuza.release.xcconfig */;
			buildSettings = {
				ASSETCATALOG_COMPILER_APPICON_NAME = AppIcon;
				CODE_SIGN_STYLE = Automatic;
				DEVELOPMENT_TEAM = "";
				INFOPLIST_FILE = phuza/Info.plist;
				IPHONEOS_DEPLOYMENT_TARGET = 10.0;
				LD_RUNPATH_SEARCH_PATHS = (
					"$(inherited)",
					"@executable_path/Frameworks",
				);
				PRODUCT_BUNDLE_IDENTIFIER = us.phuza.app1;
				PRODUCT_NAME = "$(TARGET_NAME)";
				SWIFT_VERSION = 4.2;
				TARGETED_DEVICE_FAMILY = "1,2";
			};
			name = Release;
		};
/* End XCBuildConfiguration section */

/* Begin XCConfigurationList section */
		38E681D42189B6FA00913ED5 /* Build configuration list for PBXProject "phuza" */ = {
			isa = XCConfigurationList;
			buildConfigurations = (
				38E681E92189B6FB00913ED5 /* Debug */,
				38E681EA2189B6FB00913ED5 /* Release */,
			);
			defaultConfigurationIsVisible = 0;
			defaultConfigurationName = Release;
		};
		38E681EB2189B6FB00913ED5 /* Build configuration list for PBXNativeTarget "phuza" */ = {
			isa = XCConfigurationList;
			buildConfigurations = (
				38E681EC2189B6FB00913ED5 /* Debug */,
				38E681ED2189B6FB00913ED5 /* Release */,
			);
			defaultConfigurationIsVisible = 0;
			defaultConfigurationName = Release;
		};
/* End XCConfigurationList section */
	};
	rootObject = 38E681D12189B6FA00913ED5 /* Project object */;
}
